
Microsoft Visual Studio Solution File, Format Version 12.00
# Visual Studio 15
Project("{FAE04EC0-301F-11D3-BF4B-00C04F79EFBC}") = "Assembly-CSharp-firstpass", "Assembly-CSharp-firstpass.csproj", "{9E9231F0-9596-3AC9-52E5-C27A7ABE9032}"
EndProject
Project("{FAE04EC0-301F-11D3-BF4B-00C04F79EFBC}") = "Assembly-CSharp", "Assembly-CSharp.csproj", "{A3719278-7EB7-5578-B4C5-4D5C09970D59}"
EndProject
Project("{FAE04EC0-301F-11D3-BF4B-00C04F79EFBC}") = "Assembly-CSharp-Editor-firstpass", "Assembly-CSharp-Editor-firstpass.csproj", "{1E85FC15-96AB-A978-7931-8FB075DCB97A}"
EndProject
Global
	GlobalSection(SolutionConfigurationPlatforms) = preSolution
		Debug|Any CPU = Debug|Any CPU
		Release|Any CPU = Release|Any CPU
	EndGlobalSection
	GlobalSection(ProjectConfigurationPlatforms) = postSolution
		{9E9231F0-9596-3AC9-52E5-C27A7ABE9032}.Debug|Any CPU.ActiveCfg = Debug|Any CPU
		{9E9231F0-9596-3AC9-52E5-C27A7ABE9032}.Debug|Any CPU.Build.0 = Debug|Any CPU
		{9E9231F0-9596-3AC9-52E5-C27A7ABE9032}.Release|Any CPU.ActiveCfg = Release|Any CPU
		{9E9231F0-9596-3AC9-52E5-C27A7ABE9032}.Release|Any CPU.Build.0 = Release|Any CPU
		{A3719278-7EB7-5578-B4C5-4D5C09970D59}.Debug|Any CPU.ActiveCfg = Debug|Any CPU
		{A3719278-7EB7-5578-B4C5-4D5C09970D59}.Debug|Any CPU.Build.0 = Debug|Any CPU
		{A3719278-7EB7-5578-B4C5-4D5C09970D59}.Release|Any CPU.ActiveCfg = Release|Any CPU
		{A3719278-7EB7-5578-B4C5-4D5C09970D59}.Release|Any CPU.Build.0 = Release|Any CPU
		{1E85FC15-96AB-A978-7931-8FB075DCB97A}.Debug|Any CPU.ActiveCfg = Debug|Any CPU
		{1E85FC15-96AB-A978-7931-8FB075DCB97A}.Debug|Any CPU.Build.0 = Debug|Any CPU
		{1E85FC15-96AB-A978-7931-8FB075DCB97A}.Release|Any CPU.ActiveCfg = Release|Any CPU
		{1E85FC15-96AB-A978-7931-8FB075DCB97A}.Release|Any CPU.Build.0 = Release|Any CPU
	EndGlobalSection
	GlobalSection(SolutionProperties) = preSolution
		HideSolutionNode = FALSE
	EndGlobalSection
EndGlobal
